
Microsoft Visual Studio Solution File, Format Version 12.00
# Visual Studio Version 17
VisualStudioVersion = 17.9.34616.47
MinimumVisualStudioVersion = 10.0.40219.1
Project("{FAE04EC0-301F-11D3-BF4B-00C04F79EFBC}") = "Homework10", "Homework10\Homework10.csproj", "{228700C7-50EC-4324-99C4-F12D9246FEB8}"
EndProject
Global
	GlobalSection(SolutionConfigurationPlatforms) = preSolution
		Debug|Any CPU = Debug|Any CPU
		Release|Any CPU = Release|Any CPU
	EndGlobalSection
	GlobalSection(ProjectConfigurationPlatforms) = postSolution
		{228700C7-50EC-4324-99C4-F12D9246FEB8}.Debug|Any CPU.ActiveCfg = Debug|Any CPU
		{228700C7-50EC-4324-99C4-F12D9246FEB8}.Debug|Any CPU.Build.0 = Debug|Any CPU
		{228700C7-50EC-4324-99C4-F12D9246FEB8}.Release|Any CPU.ActiveCfg = Release|Any CPU
		{228700C7-50EC-4324-99C4-F12D9246FEB8}.Release|Any CPU.Build.0 = Release|Any CPU
	EndGlobalSection
	GlobalSection(SolutionProperties) = preSolution
		HideSolutionNode = FALSE
	EndGlobalSection
	GlobalSection(ExtensibilityGlobals) = postSolution
		SolutionGuid = {1C1F1ECB-316B-4C87-9478-59B2D686DF0E}
	EndGlobalSection
EndGlobal
